<?xml version="1.0"?>
<CONFIG>
  <ProjectOptions>
    <Version Value="9"/>
    <General>
      <MainUnit Value="0"/>
      <UseXPManifest Value="True"/>
      <Icon Value="0"/>
      <ActiveWindowIndexAtStart Value="0"/>
    </General>
    <i18n>
      <EnableI18N LFM="False"/>
    </i18n>
    <VersionInfo>
      <StringTable ProductVersion=""/>
    </VersionInfo>
    <PublishOptions>
      <Version Value="2"/>
      <IncludeFileFilter Value="*.(pas|pp|inc|lfm|lpr|lrs|lpi|lpk|sh|xml)"/>
      <ExcludeFileFilter Value="*.(bak|ppu|ppw|o|so);*~;backup"/>
    </PublishOptions>
    <RunParams>
      <local>
        <FormatVersion Value="1"/>
        <LaunchingApplication PathPlusParams="/usr/bin/xterm -T 'Lazarus Run Output' -e $(LazarusDir)/tools/runwait.sh $(TargetCmdLine)"/>
      </local>
    </RunParams>
    <RequiredPackages Count="2">
      <Item1>
        <PackageName Value="pl_virtualtrees"/>
        <MinVersion Major="4" Minor="2" Valid="True"/>
      </Item1>
      <Item2>
        <PackageName Value="LCL"/>
      </Item2>
    </RequiredPackages>
    <Units Count="9">
      <Unit0>
        <Filename Value="binkyboink.lpr"/>
        <IsPartOfProject Value="True"/>
        <UnitName Value="binkyboink"/>
        <EditorIndex Value="0"/>
        <WindowIndex Value="0"/>
        <TopLine Value="1"/>
        <CursorPos X="1" Y="16"/>
        <UsageCount Value="38"/>
        <Loaded Value="True"/>
      </Unit0>
      <Unit1>
        <Filename Value="frmmainunit.pas"/>
        <IsPartOfProject Value="True"/>
        <ComponentName Value="frmMain"/>
        <ResourceBaseClass Value="Form"/>
        <UnitName Value="frmMainUnit"/>
        <IsVisibleTab Value="True"/>
        <EditorIndex Value="1"/>
        <WindowIndex Value="0"/>
        <TopLine Value="125"/>
        <CursorPos X="32" Y="154"/>
        <UsageCount Value="38"/>
        <Loaded Value="True"/>
        <LoadedDesigner Value="True"/>
      </Unit1>
      <Unit2>
        <Filename Value="../src/binkyboinkunit.pas"/>
        <UnitName Value="BinkyBoinkUnit"/>
        <EditorIndex Value="3"/>
        <WindowIndex Value="0"/>
        <TopLine Value="1"/>
        <CursorPos X="62" Y="29"/>
        <UsageCount Value="18"/>
        <Loaded Value="True"/>
      </Unit2>
      <Unit3>
        <Filename Value="../src/binkyboinkclassesunit.pas"/>
        <UnitName Value="BinkyBoinkClassesUnit"/>
        <EditorIndex Value="4"/>
        <WindowIndex Value="0"/>
        <TopLine Value="1"/>
        <CursorPos X="21" Y="245"/>
        <UsageCount Value="18"/>
        <Loaded Value="True"/>
      </Unit3>
      <Unit4>
        <Filename Value="../src/binkyboinkrpcunit.pas"/>
        <UnitName Value="BinkyBoinkRPCUnit"/>
        <EditorIndex Value="5"/>
        <WindowIndex Value="0"/>
        <TopLine Value="1"/>
        <CursorPos X="1" Y="1"/>
        <UsageCount Value="18"/>
        <Loaded Value="True"/>
      </Unit4>
      <Unit5>
        <Filename Value="../lib/blinkyboink.inc"/>
        <WindowIndex Value="0"/>
        <TopLine Value="1"/>
        <CursorPos X="16" Y="4"/>
        <UsageCount Value="8"/>
      </Unit5>
      <Unit6>
        <Filename Value="../lib/fpc_version.inc"/>
        <WindowIndex Value="0"/>
        <TopLine Value="1"/>
        <CursorPos X="1" Y="1"/>
        <UsageCount Value="8"/>
      </Unit6>
      <Unit7>
        <Filename Value="/usr/lib/lazarus/lcl/interfaces/gtk2/gtk2widgetset.inc"/>
        <WindowIndex Value="0"/>
        <TopLine Value="2337"/>
        <CursorPos X="1" Y="2357"/>
        <UsageCount Value="9"/>
      </Unit7>
      <Unit8>
        <Filename Value="frmcomputersframeunit.pas"/>
        <IsPartOfProject Value="True"/>
        <ComponentName Value="frmComputersFrame"/>
        <ResourceBaseClass Value="Frame"/>
        <UnitName Value="frmComputersFrameUnit"/>
        <EditorIndex Value="2"/>
        <WindowIndex Value="0"/>
        <TopLine Value="1"/>
        <CursorPos X="19" Y="10"/>
        <UsageCount Value="27"/>
        <Loaded Value="True"/>
        <LoadedDesigner Value="True"/>
      </Unit8>
    </Units>
    <JumpHistory Count="30" HistoryIndex="29">
      <Position1>
        <Filename Value="frmmainunit.pas"/>
        <Caret Line="85" Column="21" TopLine="57"/>
      </Position1>
      <Position2>
        <Filename Value="../src/binkyboinkclassesunit.pas"/>
        <Caret Line="89" Column="32" TopLine="54"/>
      </Position2>
      <Position3>
        <Filename Value="../src/binkyboinkclassesunit.pas"/>
        <Caret Line="198" Column="1" TopLine="161"/>
      </Position3>
      <Position4>
        <Filename Value="../src/binkyboinkclassesunit.pas"/>
        <Caret Line="79" Column="1" TopLine="53"/>
      </Position4>
      <Position5>
        <Filename Value="../src/binkyboinkclassesunit.pas"/>
        <Caret Line="59" Column="14" TopLine="59"/>
      </Position5>
      <Position6>
        <Filename Value="../src/binkyboinkclassesunit.pas"/>
        <Caret Line="158" Column="23" TopLine="139"/>
      </Position6>
      <Position7>
        <Filename Value="frmmainunit.pas"/>
        <Caret Line="92" Column="3" TopLine="57"/>
      </Position7>
      <Position8>
        <Filename Value="../src/binkyboinkclassesunit.pas"/>
        <Caret Line="208" Column="17" TopLine="170"/>
      </Position8>
      <Position9>
        <Filename Value="frmmainunit.pas"/>
        <Caret Line="55" Column="21" TopLine="39"/>
      </Position9>
      <Position10>
        <Filename Value="frmmainunit.pas"/>
        <Caret Line="115" Column="87" TopLine="88"/>
      </Position10>
      <Position11>
        <Filename Value="frmmainunit.pas"/>
        <Caret Line="122" Column="1" TopLine="96"/>
      </Position11>
      <Position12>
        <Filename Value="frmmainunit.pas"/>
        <Caret Line="123" Column="1" TopLine="97"/>
      </Position12>
      <Position13>
        <Filename Value="frmmainunit.pas"/>
        <Caret Line="125" Column="1" TopLine="99"/>
      </Position13>
      <Position14>
        <Filename Value="frmmainunit.pas"/>
        <Caret Line="124" Column="1" TopLine="1"/>
      </Position14>
      <Position15>
        <Filename Value="frmmainunit.pas"/>
        <Caret Line="125" Column="1" TopLine="87"/>
      </Position15>
      <Position16>
        <Filename Value="frmmainunit.pas"/>
        <Caret Line="126" Column="1" TopLine="88"/>
      </Position16>
      <Position17>
        <Filename Value="frmmainunit.pas"/>
        <Caret Line="127" Column="1" TopLine="89"/>
      </Position17>
      <Position18>
        <Filename Value="frmmainunit.pas"/>
        <Caret Line="128" Column="1" TopLine="90"/>
      </Position18>
      <Position19>
        <Filename Value="frmmainunit.pas"/>
        <Caret Line="129" Column="1" TopLine="91"/>
      </Position19>
      <Position20>
        <Filename Value="frmmainunit.pas"/>
        <Caret Line="130" Column="1" TopLine="92"/>
      </Position20>
      <Position21>
        <Filename Value="frmmainunit.pas"/>
        <Caret Line="131" Column="1" TopLine="93"/>
      </Position21>
      <Position22>
        <Filename Value="frmmainunit.pas"/>
        <Caret Line="132" Column="1" TopLine="94"/>
      </Position22>
      <Position23>
        <Filename Value="frmmainunit.pas"/>
        <Caret Line="131" Column="1" TopLine="93"/>
      </Position23>
      <Position24>
        <Filename Value="frmcomputersframeunit.pas"/>
        <Caret Line="1" Column="1" TopLine="1"/>
      </Position24>
      <Position25>
        <Filename Value="frmmainunit.pas"/>
        <Caret Line="38" Column="41" TopLine="25"/>
      </Position25>
      <Position26>
        <Filename Value="frmmainunit.pas"/>
        <Caret Line="149" Column="39" TopLine="114"/>
      </Position26>
      <Position27>
        <Filename Value="frmmainunit.pas"/>
        <Caret Line="156" Column="39" TopLine="118"/>
      </Position27>
      <Position28>
        <Filename Value="frmmainunit.pas"/>
        <Caret Line="151" Column="32" TopLine="122"/>
      </Position28>
      <Position29>
        <Filename Value="frmmainunit.pas"/>
        <Caret Line="152" Column="32" TopLine="123"/>
      </Position29>
      <Position30>
        <Filename Value="frmmainunit.pas"/>
        <Caret Line="153" Column="32" TopLine="124"/>
      </Position30>
    </JumpHistory>
  </ProjectOptions>
  <CompilerOptions>
    <Version Value="9"/>
    <Target>
      <Filename Value="binkyboink"/>
    </Target>
    <SearchPaths>
      <IncludeFiles Value="$(ProjOutDir)/;../lib/"/>
      <OtherUnitFiles Value="../src/;../lib/Network/Synapse/"/>
      <UnitOutputDirectory Value="lib/$(TargetCPU)-$(TargetOS)"/>
      <SrcPath Value="../src/;../lib/Network/Synapse/"/>
    </SearchPaths>
    <Linking>
      <Options>
        <Win32>
          <GraphicApplication Value="True"/>
        </Win32>
      </Options>
    </Linking>
    <Other>
      <CompilerMessages>
        <UseMsgFile Value="True"/>
      </CompilerMessages>
      <CompilerPath Value="$(CompPath)"/>
    </Other>
  </CompilerOptions>
  <Debugging>
    <Exceptions Count="3">
      <Item1>
        <Name Value="EAbort"/>
      </Item1>
      <Item2>
        <Name Value="ECodetoolError"/>
      </Item2>
      <Item3>
        <Name Value="EFOpenError"/>
      </Item3>
    </Exceptions>
  </Debugging>
</CONFIG>
